
Microsoft Visual Studio Solution File, Format Version 12.00
# Visual Studio Version 17
VisualStudioVersion = 17.4.33103.184
MinimumVisualStudioVersion = 10.0.40219.1
Project("{FAE04EC0-301F-11D3-BF4B-00C04F79EFBC}") = "CentralHub.UI", "CentralHub.UI\CentralHub.UI.csproj", "{D27BC187-4CBA-4F96-88A9-383052EF795A}"
EndProject
Global
	GlobalSection(SolutionConfigurationPlatforms) = preSolution
		Debug|Any CPU = Debug|Any CPU
		Release|Any CPU = Release|Any CPU
	EndGlobalSection
	GlobalSection(ProjectConfigurationPlatforms) = postSolution
		{D27BC187-4CBA-4F96-88A9-383052EF795A}.Debug|Any CPU.ActiveCfg = Debug|Any CPU
		{D27BC187-4CBA-4F96-88A9-383052EF795A}.Debug|Any CPU.Build.0 = Debug|Any CPU
		{D27BC187-4CBA-4F96-88A9-383052EF795A}.Release|Any CPU.ActiveCfg = Release|Any CPU
		{D27BC187-4CBA-4F96-88A9-383052EF795A}.Release|Any CPU.Build.0 = Release|Any CPU
	EndGlobalSection
	GlobalSection(SolutionProperties) = preSolution
		HideSolutionNode = FALSE
	EndGlobalSection
	GlobalSection(ExtensibilityGlobals) = postSolution
		SolutionGuid = {6797161A-82D8-41B4-90EF-88962E5CBD42}
	EndGlobalSection
EndGlobal
