
Microsoft Visual Studio Solution File, Format Version 12.00
# Visual Studio Version 17
VisualStudioVersion = 17.0.31717.71
MinimumVisualStudioVersion = 10.0.40219.1
Project("{9A19103F-16F7-4668-BE54-9A1E7A4F7556}") = "CentralHub.UI", "CentralHub.UI.csproj", "{CBE4EF89-BEFC-4194-8135-20583E9336B3}"
EndProject
Global
	GlobalSection(SolutionConfigurationPlatforms) = preSolution
		Debug|Any CPU = Debug|Any CPU
		Release|Any CPU = Release|Any CPU
	EndGlobalSection
	GlobalSection(ProjectConfigurationPlatforms) = postSolution
		{CBE4EF89-BEFC-4194-8135-20583E9336B3}.Debug|Any CPU.ActiveCfg = Debug|Any CPU
		{CBE4EF89-BEFC-4194-8135-20583E9336B3}.Debug|Any CPU.Build.0 = Debug|Any CPU
		{CBE4EF89-BEFC-4194-8135-20583E9336B3}.Release|Any CPU.ActiveCfg = Release|Any CPU
		{CBE4EF89-BEFC-4194-8135-20583E9336B3}.Release|Any CPU.Build.0 = Release|Any CPU
	EndGlobalSection
	GlobalSection(SolutionProperties) = preSolution
		HideSolutionNode = FALSE
	EndGlobalSection
	GlobalSection(ExtensibilityGlobals) = postSolution
		SolutionGuid = {24F8AC55-5506-428C-B2D7-147EC980B58C}
	EndGlobalSection
EndGlobal